
Microsoft Visual Studio Solution File, Format Version 12.00
# Visual Studio Version 17
VisualStudioVersion = 17.14.36109.1
MinimumVisualStudioVersion = 10.0.40219.1
Project("{FAE04EC0-301F-11D3-BF4B-00C04F79EFBC}") = "SaleDataAPI", "SaleDataAPI\SaleDataAPI.csproj", "{51C36C4C-9169-43D0-B9C8-E5A942998C01}"
EndProject
Global
	GlobalSection(SolutionConfigurationPlatforms) = preSolution
		Debug|Any CPU = Debug|Any CPU
		Release|Any CPU = Release|Any CPU
	EndGlobalSection
	GlobalSection(ProjectConfigurationPlatforms) = postSolution
		{51C36C4C-9169-43D0-B9C8-E5A942998C01}.Debug|Any CPU.ActiveCfg = Debug|Any CPU
		{51C36C4C-9169-43D0-B9C8-E5A942998C01}.Debug|Any CPU.Build.0 = Debug|Any CPU
		{51C36C4C-9169-43D0-B9C8-E5A942998C01}.Release|Any CPU.ActiveCfg = Release|Any CPU
		{51C36C4C-9169-43D0-B9C8-E5A942998C01}.Release|Any CPU.Build.0 = Release|Any CPU
	EndGlobalSection
	GlobalSection(SolutionProperties) = preSolution
		HideSolutionNode = FALSE
	EndGlobalSection
	GlobalSection(ExtensibilityGlobals) = postSolution
		SolutionGuid = {1A239DA5-A294-4668-9F9B-BE023FA7696E}
	EndGlobalSection
EndGlobal
